// !$*UTF8*$!
{
	archiveVersion = 1;
	classes = {
	};
	objectVersion = 48;
	objects = {

/* Begin PBXBuildFile section */
		34016F1C1FCE2BB1006FD7D9 /* AppDelegate.swift in Sources */ = {isa = PBXBuildFile; fileRef = 34016F1B1FCE2BB1006FD7D9 /* AppDelegate.swift */; };
		34016F1E1FCE2BB1006FD7D9 /* ViewController.swift in Sources */ = {isa = PBXBuildFile; fileRef = 34016F1D1FCE2BB1006FD7D9 /* ViewController.swift */; };
		34016F211FCE2BB1006FD7D9 /* Main.storyboard in Resources */ = {isa = PBXBuildFile; fileRef = 34016F1F1FCE2BB1006FD7D9 /* Main.storyboard */; };
		34016F231FCE2BB1006FD7D9 /* Assets.xcassets in Resources */ = {isa = PBXBuildFile; fileRef = 34016F221FCE2BB1006FD7D9 /* Assets.xcassets */; };
		34016F261FCE2BB1006FD7D9 /* LaunchScreen.storyboard in Resources */ = {isa = PBXBuildFile; fileRef = 34016F241FCE2BB1006FD7D9 /* LaunchScreen.storyboard */; };
		34016F311FCE2BB1006FD7D9 /* HS_Visit_example_projectTests.swift in Sources */ = {isa = PBXBuildFile; fileRef = 34016F301FCE2BB1006FD7D9 /* HS_Visit_example_projectTests.swift */; };
		34016F3C1FCE2BB1006FD7D9 /* HS_Visit_example_projectUITests.swift in Sources */ = {isa = PBXBuildFile; fileRef = 34016F3B1FCE2BB1006FD7D9 /* HS_Visit_example_projectUITests.swift */; };
/* End PBXBuildFile section */

/* Begin PBXContainerItemProxy section */
		34016F2D1FCE2BB1006FD7D9 /* PBXContainerItemProxy */ = {
			isa = PBXContainerItemProxy;
			containerPortal = 34016F101FCE2BB1006FD7D9 /* Project object */;
			proxyType = 1;
			remoteGlobalIDString = 34016F171FCE2BB1006FD7D9;
			remoteInfo = "HS Visit example project";
		};
		34016F381FCE2BB1006FD7D9 /* PBXContainerItemProxy */ = {
			isa = PBXContainerItemProxy;
			containerPortal = 34016F101FCE2BB1006FD7D9 /* Project object */;
			proxyType = 1;
			remoteGlobalIDString = 34016F171FCE2BB1006FD7D9;
			remoteInfo = "HS Visit example project";
		};
/* End PBXContainerItemProxy section */

/* Begin PBXFileReference section */
		34016F181FCE2BB1006FD7D9 /* HS Visit example project.app */ = {isa = PBXFileReference; explicitFileType = wrapper.application; includeInIndex = 0; path = "HS Visit example project.app"; sourceTree = BUILT_PRODUCTS_DIR; };
		34016F1B1FCE2BB1006FD7D9 /* AppDelegate.swift */ = {isa = PBXFileReference; lastKnownFileType = sourcecode.swift; path = AppDelegate.swift; sourceTree = "<group>"; };
		34016F1D1FCE2BB1006FD7D9 /* ViewController.swift */ = {isa = PBXFileReference; lastKnownFileType = sourcecode.swift; path = ViewController.swift; sourceTree = "<group>"; };
		34016F201FCE2BB1006FD7D9 /* Base */ = {isa = PBXFileReference; lastKnownFileType = file.storyboard; name = Base; path = Base.lproj/Main.storyboard; sourceTree = "<group>"; };
		34016F221FCE2BB1006FD7D9 /* Assets.xcassets */ = {isa = PBXFileReference; lastKnownFileType = folder.assetcatalog; path = Assets.xcassets; sourceTree = "<group>"; };
		34016F251FCE2BB1006FD7D9 /* Base */ = {isa = PBXFileReference; lastKnownFileType = file.storyboard; name = Base; path = Base.lproj/LaunchScreen.storyboard; sourceTree = "<group>"; };
		34016F271FCE2BB1006FD7D9 /* Info.plist */ = {isa = PBXFileReference; lastKnownFileType = text.plist.xml; path = Info.plist; sourceTree = "<group>"; };
		34016F2C1FCE2BB1006FD7D9 /* HS Visit example projectTests.xctest */ = {isa = PBXFileReference; explicitFileType = wrapper.cfbundle; includeInIndex = 0; path = "HS Visit example projectTests.xctest"; sourceTree = BUILT_PRODUCTS_DIR; };
		34016F301FCE2BB1006FD7D9 /* HS_Visit_example_projectTests.swift */ = {isa = PBXFileReference; lastKnownFileType = sourcecode.swift; path = HS_Visit_example_projectTests.swift; sourceTree = "<group>"; };
		34016F321FCE2BB1006FD7D9 /* Info.plist */ = {isa = PBXFileReference; lastKnownFileType = text.plist.xml; path = Info.plist; sourceTree = "<group>"; };
		34016F371FCE2BB1006FD7D9 /* HS Visit example projectUITests.xctest */ = {isa = PBXFileReference; explicitFileType = wrapper.cfbundle; includeInIndex = 0; path = "HS Visit example projectUITests.xctest"; sourceTree = BUILT_PRODUCTS_DIR; };
		34016F3B1FCE2BB1006FD7D9 /* HS_Visit_example_projectUITests.swift */ = {isa = PBXFileReference; lastKnownFileType = sourcecode.swift; path = HS_Visit_example_projectUITests.swift; sourceTree = "<group>"; };
		34016F3D1FCE2BB1006FD7D9 /* Info.plist */ = {isa = PBXFileReference; lastKnownFileType = text.plist.xml; path = Info.plist; sourceTree = "<group>"; };
/* End PBXFileReference section */

/* Begin PBXFrameworksBuildPhase section */
		34016F151FCE2BB1006FD7D9 /* Frameworks */ = {
			isa = PBXFrameworksBuildPhase;
			buildActionMask = 2147483647;
			files = (
			);
			runOnlyForDeploymentPostprocessing = 0;
		};
		34016F291FCE2BB1006FD7D9 /* Frameworks */ = {
			isa = PBXFrameworksBuildPhase;
			buildActionMask = 2147483647;
			files = (
			);
			runOnlyForDeploymentPostprocessing = 0;
		};
		34016F341FCE2BB1006FD7D9 /* Frameworks */ = {
			isa = PBXFrameworksBuildPhase;
			buildActionMask = 2147483647;
			files = (
			);
			runOnlyForDeploymentPostprocessing = 0;
		};
/* End PBXFrameworksBuildPhase section */

/* Begin PBXGroup section */
		34016F0F1FCE2BB1006FD7D9 = {
			isa = PBXGroup;
			children = (
				34016F1A1FCE2BB1006FD7D9 /* HS Visit example project */,
				34016F2F1FCE2BB1006FD7D9 /* HS Visit example projectTests */,
				34016F3A1FCE2BB1006FD7D9 /* HS Visit example projectUITests */,
				34016F191FCE2BB1006FD7D9 /* Products */,
			);
			sourceTree = "<group>";
		};
		34016F191FCE2BB1006FD7D9 /* Products */ = {
			isa = PBXGroup;
			children = (
				34016F181FCE2BB1006FD7D9 /* HS Visit example project.app */,
				34016F2C1FCE2BB1006FD7D9 /* HS Visit example projectTests.xctest */,
				34016F371FCE2BB1006FD7D9 /* HS Visit example projectUITests.xctest */,
			);
			name = Products;
			sourceTree = "<group>";
		};
		34016F1A1FCE2BB1006FD7D9 /* HS Visit example project */ = {
			isa = PBXGroup;
			children = (
				34016F1B1FCE2BB1006FD7D9 /* AppDelegate.swift */,
				34016F1D1FCE2BB1006FD7D9 /* ViewController.swift */,
				34016F1F1FCE2BB1006FD7D9 /* Main.storyboard */,
				34016F221FCE2BB1006FD7D9 /* Assets.xcassets */,
				34016F241FCE2BB1006FD7D9 /* LaunchScreen.storyboard */,
				34016F271FCE2BB1006FD7D9 /* Info.plist */,
			);
			path = "HS Visit example project";
			sourceTree = "<group>";
		};
		34016F2F1FCE2BB1006FD7D9 /* HS Visit example projectTests */ = {
			isa = PBXGroup;
			children = (
				34016F301FCE2BB1006FD7D9 /* HS_Visit_example_projectTests.swift */,
				34016F321FCE2BB1006FD7D9 /* Info.plist */,
			);
			path = "HS Visit example projectTests";
			sourceTree = "<group>";
		};
		34016F3A1FCE2BB1006FD7D9 /* HS Visit example projectUITests */ = {
			isa = PBXGroup;
			children = (
				34016F3B1FCE2BB1006FD7D9 /* HS_Visit_example_projectUITests.swift */,
				34016F3D1FCE2BB1006FD7D9 /* Info.plist */,
			);
			path = "HS Visit example projectUITests";
			sourceTree = "<group>";
		};
/* End PBXGroup section */

/* Begin PBXNativeTarget section */
		34016F171FCE2BB1006FD7D9 /* HS Visit example project */ = {
			isa = PBXNativeTarget;
			buildConfigurationList = 34016F401FCE2BB1006FD7D9 /* Build configuration list for PBXNativeTarget "HS Visit example project" */;
			buildPhases = (
				34016F141FCE2BB1006FD7D9 /* Sources */,
				34016F151FCE2BB1006FD7D9 /* Frameworks */,
				34016F161FCE2BB1006FD7D9 /* Resources */,
			);
			buildRules = (
			);
			dependencies = (
			);
			name = "HS Visit example project";
			productName = "HS Visit example project";
			productReference = 34016F181FCE2BB1006FD7D9 /* HS Visit example project.app */;
			productType = "com.apple.product-type.application";
		};
		34016F2B1FCE2BB1006FD7D9 /* HS Visit example projectTests */ = {
			isa = PBXNativeTarget;
			buildConfigurationList = 34016F431FCE2BB1006FD7D9 /* Build configuration list for PBXNativeTarget "HS Visit example projectTests" */;
			buildPhases = (
				34016F281FCE2BB1006FD7D9 /* Sources */,
				34016F291FCE2BB1006FD7D9 /* Frameworks */,
				34016F2A1FCE2BB1006FD7D9 /* Resources */,
			);
			buildRules = (
			);
			dependencies = (
				34016F2E1FCE2BB1006FD7D9 /* PBXTargetDependency */,
			);
			name = "HS Visit example projectTests";
			productName = "HS Visit example projectTests";
			productReference = 34016F2C1FCE2BB1006FD7D9 /* HS Visit example projectTests.xctest */;
			productType = "com.apple.product-type.bundle.unit-test";
		};
		34016F361FCE2BB1006FD7D9 /* HS Visit example projectUITests */ = {
			isa = PBXNativeTarget;
			buildConfigurationList = 34016F461FCE2BB1006FD7D9 /* Build configuration list for PBXNativeTarget "HS Visit example projectUITests" */;
			buildPhases = (
				34016F331FCE2BB1006FD7D9 /* Sources */,
				34016F341FCE2BB1006FD7D9 /* Frameworks */,
				34016F351FCE2BB1006FD7D9 /* Resources */,
			);
			buildRules = (
			);
			dependencies = (
				34016F391FCE2BB1006FD7D9 /* PBXTargetDependency */,
			);
			name = "HS Visit example projectUITests";
			productName = "HS Visit example projectUITests";
			productReference = 34016F371FCE2BB1006FD7D9 /* HS Visit example projectUITests.xctest */;
			productType = "com.apple.product-type.bundle.ui-testing";
		};
/* End PBXNativeTarget section */

/* Begin PBXProject section */
		34016F101FCE2BB1006FD7D9 /* Project object */ = {
			isa = PBXProject;
			attributes = {
				LastSwiftUpdateCheck = 0910;
				LastUpgradeCheck = 0910;
				ORGANIZATIONNAME = "Matthew Reed";
				TargetAttributes = {
					34016F171FCE2BB1006FD7D9 = {
						CreatedOnToolsVersion = 9.1;
						ProvisioningStyle = Automatic;
					};
					34016F2B1FCE2BB1006FD7D9 = {
						CreatedOnToolsVersion = 9.1;
						ProvisioningStyle = Automatic;
						TestTargetID = 34016F171FCE2BB1006FD7D9;
					};
					34016F361FCE2BB1006FD7D9 = {
						CreatedOnToolsVersion = 9.1;
						ProvisioningStyle = Automatic;
						TestTargetID = 34016F171FCE2BB1006FD7D9;
					};
				};
			};
			buildConfigurationList = 34016F131FCE2BB1006FD7D9 /* Build configuration list for PBXProject "HS Visit example project" */;
			compatibilityVersion = "Xcode 8.0";
			developmentRegion = en;
			hasScannedForEncodings = 0;
			knownRegions = (
				en,
				Base,
			);
			mainGroup = 34016F0F1FCE2BB1006FD7D9;
			productRefGroup = 34016F191FCE2BB1006FD7D9 /* Products */;
			projectDirPath = "";
			projectRoot = "";
			targets = (
				34016F171FCE2BB1006FD7D9 /* HS Visit example project */,
				34016F2B1FCE2BB1006FD7D9 /* HS Visit example projectTests */,
				34016F361FCE2BB1006FD7D9 /* HS Visit example projectUITests */,
			);
		};
/* End PBXProject section */

/* Begin PBXResourcesBuildPhase section */
		34016F161FCE2BB1006FD7D9 /* Resources */ = {
			isa = PBXResourcesBuildPhase;
			buildActionMask = 2147483647;
			files = (
				34016F261FCE2BB1006FD7D9 /* LaunchScreen.storyboard in Resources */,
				34016F231FCE2BB1006FD7D9 /* Assets.xcassets in Resources */,
				34016F211FCE2BB1006FD7D9 /* Main.storyboard in Resources */,
			);
			runOnlyForDeploymentPostprocessing = 0;
		};
		34016F2A1FCE2BB1006FD7D9 /* Resources */ = {
			isa = PBXResourcesBuildPhase;
			buildActionMask = 2147483647;
			files = (
			);
			runOnlyForDeploymentPostprocessing = 0;
		};
		34016F351FCE2BB1006FD7D9 /* Resources */ = {
			isa = PBXResourcesBuildPhase;
			buildActionMask = 2147483647;
			files = (
			);
			runOnlyForDeploymentPostprocessing = 0;
		};
/* End PBXResourcesBuildPhase section */

/* Begin PBXSourcesBuildPhase section */
		34016F141FCE2BB1006FD7D9 /* Sources */ = {
			isa = PBXSourcesBuildPhase;
			buildActionMask = 2147483647;
			files = (
				34016F1E1FCE2BB1006FD7D9 /* ViewController.swift in Sources */,
				34016F1C1FCE2BB1006FD7D9 /* AppDelegate.swift in Sources */,
			);
			runOnlyForDeploymentPostprocessing = 0;
		};
		34016F281FCE2BB1006FD7D9 /* Sources */ = {
			isa = PBXSourcesBuildPhase;
			buildActionMask = 2147483647;
			files = (
				34016F311FCE2BB1006FD7D9 /* HS_Visit_example_projectTests.swift in Sources */,
			);
			runOnlyForDeploymentPostprocessing = 0;
		};
		34016F331FCE2BB1006FD7D9 /* Sources */ = {
			isa = PBXSourcesBuildPhase;
			buildActionMask = 2147483647;
			files = (
				34016F3C1FCE2BB1006FD7D9 /* HS_Visit_example_projectUITests.swift in Sources */,
			);
			runOnlyForDeploymentPostprocessing = 0;
		};
/* End PBXSourcesBuildPhase section */

/* Begin PBXTargetDependency section */
		34016F2E1FCE2BB1006FD7D9 /* PBXTargetDependency */ = {
			isa = PBXTargetDependency;
			target = 34016F171FCE2BB1006FD7D9 /* HS Visit example project */;
			targetProxy = 34016F2D1FCE2BB1006FD7D9 /* PBXContainerItemProxy */;
		};
		34016F391FCE2BB1006FD7D9 /* PBXTargetDependency */ = {
			isa = PBXTargetDependency;
			target = 34016F171FCE2BB1006FD7D9 /* HS Visit example project */;
			targetProxy = 34016F381FCE2BB1006FD7D9 /* PBXContainerItemProxy */;
		};
/* End PBXTargetDependency section */

/* Begin PBXVariantGroup section */
		34016F1F1FCE2BB1006FD7D9 /* Main.storyboard */ = {
			isa = PBXVariantGroup;
			children = (
				34016F201FCE2BB1006FD7D9 /* Base */,
			);
			name = Main.storyboard;
			sourceTree = "<group>";
		};
		34016F241FCE2BB1006FD7D9 /* LaunchScreen.storyboard */ = {
			isa = PBXVariantGroup;
			children = (
				34016F251FCE2BB1006FD7D9 /* Base */,
			);
			name = LaunchScreen.storyboard;
			sourceTree = "<group>";
		};
/* End PBXVariantGroup section */

/* Begin XCBuildConfiguration section */
		34016F3E1FCE2BB1006FD7D9 /* Debug */ = {
			isa = XCBuildConfiguration;
			buildSettings = {
				ALWAYS_SEARCH_USER_PATHS = NO;
				CLANG_ANALYZER_NONNULL = YES;
				CLANG_ANALYZER_NUMBER_OBJECT_CONVERSION = YES_AGGRESSIVE;
				CLANG_CXX_LANGUAGE_STANDARD = "gnu++14";
				CLANG_CXX_LIBRARY = "libc++";
				CLANG_ENABLE_MODULES = YES;
				CLANG_ENABLE_OBJC_ARC = YES;
				CLANG_WARN_BLOCK_CAPTURE_AUTORELEASING = YES;
				CLANG_WARN_BOOL_CONVERSION = YES;
				CLANG_WARN_COMMA = YES;
				CLANG_WARN_CONSTANT_CONVERSION = YES;
				CLANG_WARN_DIRECT_OBJC_ISA_USAGE = YES_ERROR;
				CLANG_WARN_DOCUMENTATION_COMMENTS = YES;
				CLANG_WARN_EMPTY_BODY = YES;
				CLANG_WARN_ENUM_CONVERSION = YES;
				CLANG_WARN_INFINITE_RECURSION = YES;
				CLANG_WARN_INT_CONVERSION = YES;
				CLANG_WARN_NON_LITERAL_NULL_CONVERSION = YES;
				CLANG_WARN_OBJC_LITERAL_CONVERSION = YES;
				CLANG_WARN_OBJC_ROOT_CLASS = YES_ERROR;
				CLANG_WARN_RANGE_LOOP_ANALYSIS = YES;
				CLANG_WARN_STRICT_PROTOTYPES = YES;
				CLANG_WARN_SUSPICIOUS_MOVE = YES;
				CLANG_WARN_UNGUARDED_AVAILABILITY = YES_AGGRESSIVE;
				CLANG_WARN_UNREACHABLE_CODE = YES;
				CLANG_WARN__DUPLICATE_METHOD_MATCH = YES;
				CODE_SIGN_IDENTITY = "iPhone Developer";
				COPY_PHASE_STRIP = NO;
				DEBUG_INFORMATION_FORMAT = dwarf;
				ENABLE_STRICT_OBJC_MSGSEND = YES;
				ENABLE_TESTABILITY = YES;
				GCC_C_LANGUAGE_STANDARD = gnu11;
				GCC_DYNAMIC_NO_PIC = NO;
				GCC_NO_COMMON_BLOCKS = YES;
				GCC_OPTIMIZATION_LEVEL = 0;
				GCC_PREPROCESSOR_DEFINITIONS = (
					"DEBUG=1",
					"$(inherited)",
				);
				GCC_WARN_64_TO_32_BIT_CONVERSION = YES;
				GCC_WARN_ABOUT_RETURN_TYPE = YES_ERROR;
				GCC_WARN_UNDECLARED_SELECTOR = YES;
				GCC_WARN_UNINITIALIZED_AUTOS = YES_AGGRESSIVE;
				GCC_WARN_UNUSED_FUNCTION = YES;
				GCC_WARN_UNUSED_VARIABLE = YES;
				IPHONEOS_DEPLOYMENT_TARGET = 11.1;
				MTL_ENABLE_DEBUG_INFO = YES;
				ONLY_ACTIVE_ARCH = YES;
				SDKROOT = iphoneos;
				SWIFT_ACTIVE_COMPILATION_CONDITIONS = DEBUG;
				SWIFT_OPTIMIZATION_LEVEL = "-Onone";
			};
			name = Debug;
		};
		34016F3F1FCE2BB1006FD7D9 /* Release */ = {
			isa = XCBuildConfiguration;
			buildSettings = {
				ALWAYS_SEARCH_USER_PATHS = NO;
				CLANG_ANALYZER_NONNULL = YES;
				CLANG_ANALYZER_NUMBER_OBJECT_CONVERSION = YES_AGGRESSIVE;
				CLANG_CXX_LANGUAGE_STANDARD = "gnu++14";
				CLANG_CXX_LIBRARY = "libc++";
				CLANG_ENABLE_MODULES = YES;
				CLANG_ENABLE_OBJC_ARC = YES;
				CLANG_WARN_BLOCK_CAPTURE_AUTORELEASING = YES;
				CLANG_WARN_BOOL_CONVERSION = YES;
				CLANG_WARN_COMMA = YES;
				CLANG_WARN_CONSTANT_CONVERSION = YES;
				CLANG_WARN_DIRECT_OBJC_ISA_USAGE = YES_ERROR;
				CLANG_WARN_DOCUMENTATION_COMMENTS = YES;
				CLANG_WARN_EMPTY_BODY = YES;
				CLANG_WARN_ENUM_CONVERSION = YES;
				CLANG_WARN_INFINITE_RECURSION = YES;
				CLANG_WARN_INT_CONVERSION = YES;
				CLANG_WARN_NON_LITERAL_NULL_CONVERSION = YES;
				CLANG_WARN_OBJC_LITERAL_CONVERSION = YES;
				CLANG_WARN_OBJC_ROOT_CLASS = YES_ERROR;
				CLANG_WARN_RANGE_LOOP_ANALYSIS = YES;
				CLANG_WARN_STRICT_PROTOTYPES = YES;
				CLANG_WARN_SUSPICIOUS_MOVE = YES;
				CLANG_WARN_UNGUARDED_AVAILABILITY = YES_AGGRESSIVE;
				CLANG_WARN_UNREACHABLE_CODE = YES;
				CLANG_WARN__DUPLICATE_METHOD_MATCH = YES;
				CODE_SIGN_IDENTITY = "iPhone Developer";
				COPY_PHASE_STRIP = NO;
				DEBUG_INFORMATION_FORMAT = "dwarf-with-dsym";
				ENABLE_NS_ASSERTIONS = NO;
				ENABLE_STRICT_OBJC_MSGSEND = YES;
				GCC_C_LANGUAGE_STANDARD = gnu11;
				GCC_NO_COMMON_BLOCKS = YES;
				GCC_WARN_64_TO_32_BIT_CONVERSION = YES;
				GCC_WARN_ABOUT_RETURN_TYPE = YES_ERROR;
				GCC_WARN_UNDECLARED_SELECTOR = YES;
				GCC_WARN_UNINITIALIZED_AUTOS = YES_AGGRESSIVE;
				GCC_WARN_UNUSED_FUNCTION = YES;
				GCC_WARN_UNUSED_VARIABLE = YES;
				IPHONEOS_DEPLOYMENT_TARGET = 11.1;
				MTL_ENABLE_DEBUG_INFO = NO;
				SDKROOT = iphoneos;
				SWIFT_OPTIMIZATION_LEVEL = "-Owholemodule";
				VALIDATE_PRODUCT = YES;
			};
			name = Release;
		};
		34016F411FCE2BB1006FD7D9 /* Debug */ = {
			isa = XCBuildConfiguration;
			buildSettings = {
				ASSETCATALOG_COMPILER_APPICON_NAME = AppIcon;
				CODE_SIGN_STYLE = Automatic;
				DEVELOPMENT_TEAM = SN2649LZ84;
				INFOPLIST_FILE = "HS Visit example project/Info.plist";
				LD_RUNPATH_SEARCH_PATHS = "$(inherited) @executable_path/Frameworks";
				PRODUCT_BUNDLE_IDENTIFIER = "com.mttrd.HS-Visit-example-project";
				PRODUCT_NAME = "$(TARGET_NAME)";
				SWIFT_VERSION = 4.0;
				TARGETED_DEVICE_FAMILY = "1,2";
			};
			name = Debug;
		};
		34016F421FCE2BB1006FD7D9 /* Release */ = {
			isa = XCBuildConfiguration;
			buildSettings = {
				ASSETCATALOG_COMPILER_APPICON_NAME = AppIcon;
				CODE_SIGN_STYLE = Automatic;
				DEVELOPMENT_TEAM = SN2649LZ84;
				INFOPLIST_FILE = "HS Visit example project/Info.plist";
				LD_RUNPATH_SEARCH_PATHS = "$(inherited) @executable_path/Frameworks";
				PRODUCT_BUNDLE_IDENTIFIER = "com.mttrd.HS-Visit-example-project";
				PRODUCT_NAME = "$(TARGET_NAME)";
				SWIFT_VERSION = 4.0;
				TARGETED_DEVICE_FAMILY = "1,2";
			};
			name = Release;
		};
		34016F441FCE2BB1006FD7D9 /* Debug */ = {
			isa = XCBuildConfiguration;
			buildSettings = {
				ALWAYS_EMBED_SWIFT_STANDARD_LIBRARIES = YES;
				BUNDLE_LOADER = "$(TEST_HOST)";
				CODE_SIGN_STYLE = Automatic;
				DEVELOPMENT_TEAM = SN2649LZ84;
				INFOPLIST_FILE = "HS Visit example projectTests/Info.plist";
				LD_RUNPATH_SEARCH_PATHS = "$(inherited) @executable_path/Frameworks @loader_path/Frameworks";
				PRODUCT_BUNDLE_IDENTIFIER = "com.mttrd.HS-Visit-example-projectTests";
				PRODUCT_NAME = "$(TARGET_NAME)";
				SWIFT_VERSION = 4.0;
				TARGETED_DEVICE_FAMILY = "1,2";
				TEST_HOST = "$(BUILT_PRODUCTS_DIR)/HS Visit example project.app/HS Visit example project";
			};
			name = Debug;
		};
		34016F451FCE2BB1006FD7D9 /* Release */ = {
			isa = XCBuildConfiguration;
			buildSettings = {
				ALWAYS_EMBED_SWIFT_STANDARD_LIBRARIES = YES;
				BUNDLE_LOADER = "$(TEST_HOST)";
				CODE_SIGN_STYLE = Automatic;
				DEVELOPMENT_TEAM = SN2649LZ84;
				INFOPLIST_FILE = "HS Visit example projectTests/Info.plist";
				LD_RUNPATH_SEARCH_PATHS = "$(inherited) @executable_path/Frameworks @loader_path/Frameworks";
				PRODUCT_BUNDLE_IDENTIFIER = "com.mttrd.HS-Visit-example-projectTests";
				PRODUCT_NAME = "$(TARGET_NAME)";
				SWIFT_VERSION = 4.0;
				TARGETED_DEVICE_FAMILY = "1,2";
				TEST_HOST = "$(BUILT_PRODUCTS_DIR)/HS Visit example project.app/HS Visit example project";
			};
			name = Release;
		};
		34016F471FCE2BB1006FD7D9 /* Debug */ = {
			isa = XCBuildConfiguration;
			buildSettings = {
				ALWAYS_EMBED_SWIFT_STANDARD_LIBRARIES = YES;
				CODE_SIGN_STYLE = Automatic;
				DEVELOPMENT_TEAM = SN2649LZ84;
				INFOPLIST_FILE = "HS Visit example projectUITests/Info.plist";
				LD_RUNPATH_SEARCH_PATHS = "$(inherited) @executable_path/Frameworks @loader_path/Frameworks";
				PRODUCT_BUNDLE_IDENTIFIER = "com.mttrd.HS-Visit-example-projectUITests";
				PRODUCT_NAME = "$(TARGET_NAME)";
				SWIFT_VERSION = 4.0;
				TARGETED_DEVICE_FAMILY = "1,2";
				TEST_TARGET_NAME = "HS Visit example project";
			};
			name = Debug;
		};
		34016F481FCE2BB1006FD7D9 /* Release */ = {
			isa = XCBuildConfiguration;
			buildSettings = {
				ALWAYS_EMBED_SWIFT_STANDARD_LIBRARIES = YES;
				CODE_SIGN_STYLE = Automatic;
				DEVELOPMENT_TEAM = SN2649LZ84;
				INFOPLIST_FILE = "HS Visit example projectUITests/Info.plist";
				LD_RUNPATH_SEARCH_PATHS = "$(inherited) @executable_path/Frameworks @loader_path/Frameworks";
				PRODUCT_BUNDLE_IDENTIFIER = "com.mttrd.HS-Visit-example-projectUITests";
				PRODUCT_NAME = "$(TARGET_NAME)";
				SWIFT_VERSION = 4.0;
				TARGETED_DEVICE_FAMILY = "1,2";
				TEST_TARGET_NAME = "HS Visit example project";
			};
			name = Release;
		};
/* End XCBuildConfiguration section */

/* Begin XCConfigurationList section */
		34016F131FCE2BB1006FD7D9 /* Build configuration list for PBXProject "HS Visit example project" */ = {
			isa = XCConfigurationList;
			buildConfigurations = (
				34016F3E1FCE2BB1006FD7D9 /* Debug */,
				34016F3F1FCE2BB1006FD7D9 /* Release */,
			);
			defaultConfigurationIsVisible = 0;
			defaultConfigurationName = Release;
		};
		34016F401FCE2BB1006FD7D9 /* Build configuration list for PBXNativeTarget "HS Visit example project" */ = {
			isa = XCConfigurationList;
			buildConfigurations = (
				34016F411FCE2BB1006FD7D9 /* Debug */,
				34016F421FCE2BB1006FD7D9 /* Release */,
			);
			defaultConfigurationIsVisible = 0;
			defaultConfigurationName = Release;
		};
		34016F431FCE2BB1006FD7D9 /* Build configuration list for PBXNativeTarget "HS Visit example projectTests" */ = {
			isa = XCConfigurationList;
			buildConfigurations = (
				34016F441FCE2BB1006FD7D9 /* Debug */,
				34016F451FCE2BB1006FD7D9 /* Release */,
			);
			defaultConfigurationIsVisible = 0;
			defaultConfigurationName = Release;
		};
		34016F461FCE2BB1006FD7D9 /* Build configuration list for PBXNativeTarget "HS Visit example projectUITests" */ = {
			isa = XCConfigurationList;
			buildConfigurations = (
				34016F471FCE2BB1006FD7D9 /* Debug */,
				34016F481FCE2BB1006FD7D9 /* Release */,
			);
			defaultConfigurationIsVisible = 0;
			defaultConfigurationName = Release;
		};
/* End XCConfigurationList section */
	};
	rootObject = 34016F101FCE2BB1006FD7D9 /* Project object */;
}
